{
  "name": "next-quick-start",
  "lockfileVersion": 2,
  "requires": true,
  "packages": {
    "": {
      "devDependencies": {
        "@types/cookie": "^0.5.1"
      }
    },
    "node_modules/@types/cookie": {
      "version": "0.5.1",
      "resolved": "https://nexus.quintoandar.com.br/repository/npm-registry/@types/cookie/-/cookie-0.5.1.tgz",
      "integrity": "sha512-COUnqfB2+ckwXXSFInsFdOAWQzCCx+a5hq2ruyj+Vjund94RJQd4LG2u9hnvJrTgunKAaax7ancBYlDrNYxA0g==",
      "dev": true,
      "license": "MIT"
    }
  },
  "dependencies": {
    "@types/cookie": {
      "version": "0.5.1",
      "resolved": "https://nexus.quintoandar.com.br/repository/npm-registry/@types/cookie/-/cookie-0.5.1.tgz",
      "integrity": "sha512-COUnqfB2+ckwXXSFInsFdOAWQzCCx+a5hq2ruyj+Vjund94RJQd4LG2u9hnvJrTgunKAaax7ancBYlDrNYxA0g==",
      "dev": true
    }
  }
}
